
Microsoft Visual Studio Solution File, Format Version 12.00
# Visual Studio Version 17
VisualStudioVersion = 17.0.31903.59
MinimumVisualStudioVersion = 10.0.40219.1
Project("{2150E333-8FDC-42A3-9474-1A3956D46DE8}") = "backend", "backend", "{1AE8ACA6-933B-BF2A-3671-3E2EAC007D16}"
EndProject
Project("{2150E333-8FDC-42A3-9474-1A3956D46DE8}") = "src", "src", "{0F9113EE-888A-26D2-68B0-4A7D0A2A8745}"
EndProject
Project("{FAE04EC0-301F-11D3-BF4B-00C04F79EFBC}") = "PawTrack.API", "backend\src\PawTrack.API\PawTrack.API.csproj", "{2E66F7E6-2FED-4B40-B6C6-E30664C6486E}"
EndProject
Project("{FAE04EC0-301F-11D3-BF4B-00C04F79EFBC}") = "PawTrack.Application", "backend\src\PawTrack.Application\PawTrack.Application.csproj", "{8692250A-C8C8-4E33-A2C4-D0E82E4103BD}"
EndProject
Project("{FAE04EC0-301F-11D3-BF4B-00C04F79EFBC}") = "PawTrack.Domain", "backend\src\PawTrack.Domain\PawTrack.Domain.csproj", "{0D9B4A7B-AB54-43C6-92D7-7A5F5A685183}"
EndProject
Project("{FAE04EC0-301F-11D3-BF4B-00C04F79EFBC}") = "PawTrack.Infrastructure", "backend\src\PawTrack.Infrastructure\PawTrack.Infrastructure.csproj", "{5F95D9C3-93F7-4612-A8A7-3A5C1535D591}"
EndProject
Project("{FAE04EC0-301F-11D3-BF4B-00C04F79EFBC}") = "PawTrack.UnitTests", "backend\tests\PawTrack.UnitTests\PawTrack.UnitTests.csproj", "{9F898A63-AFCC-4D06-8312-411B47953277}"
EndProject
Project("{FAE04EC0-301F-11D3-BF4B-00C04F79EFBC}") = "PawTrack.IntegrationTests", "backend\tests\PawTrack.IntegrationTests\PawTrack.IntegrationTests.csproj", "{9509668D-0D43-4623-B512-F9A360052A28}"
EndProject
Global
	GlobalSection(SolutionConfigurationPlatforms) = preSolution
		Debug|Any CPU = Debug|Any CPU
		Debug|x64 = Debug|x64
		Debug|x86 = Debug|x86
		Release|Any CPU = Release|Any CPU
		Release|x64 = Release|x64
		Release|x86 = Release|x86
	EndGlobalSection
	GlobalSection(ProjectConfigurationPlatforms) = postSolution
		{2E66F7E6-2FED-4B40-B6C6-E30664C6486E}.Debug|Any CPU.ActiveCfg = Debug|Any CPU
		{2E66F7E6-2FED-4B40-B6C6-E30664C6486E}.Debug|Any CPU.Build.0 = Debug|Any CPU
		{2E66F7E6-2FED-4B40-B6C6-E30664C6486E}.Debug|x64.ActiveCfg = Debug|Any CPU
		{2E66F7E6-2FED-4B40-B6C6-E30664C6486E}.Debug|x64.Build.0 = Debug|Any CPU
		{2E66F7E6-2FED-4B40-B6C6-E30664C6486E}.Debug|x86.ActiveCfg = Debug|Any CPU
		{2E66F7E6-2FED-4B40-B6C6-E30664C6486E}.Debug|x86.Build.0 = Debug|Any CPU
		{2E66F7E6-2FED-4B40-B6C6-E30664C6486E}.Release|Any CPU.ActiveCfg = Release|Any CPU
		{2E66F7E6-2FED-4B40-B6C6-E30664C6486E}.Release|Any CPU.Build.0 = Release|Any CPU
		{2E66F7E6-2FED-4B40-B6C6-E30664C6486E}.Release|x64.ActiveCfg = Release|Any CPU
		{2E66F7E6-2FED-4B40-B6C6-E30664C6486E}.Release|x64.Build.0 = Release|Any CPU
		{2E66F7E6-2FED-4B40-B6C6-E30664C6486E}.Release|x86.ActiveCfg = Release|Any CPU
		{2E66F7E6-2FED-4B40-B6C6-E30664C6486E}.Release|x86.Build.0 = Release|Any CPU
		{8692250A-C8C8-4E33-A2C4-D0E82E4103BD}.Debug|Any CPU.ActiveCfg = Debug|Any CPU
		{8692250A-C8C8-4E33-A2C4-D0E82E4103BD}.Debug|Any CPU.Build.0 = Debug|Any CPU
		{8692250A-C8C8-4E33-A2C4-D0E82E4103BD}.Debug|x64.ActiveCfg = Debug|Any CPU
		{8692250A-C8C8-4E33-A2C4-D0E82E4103BD}.Debug|x64.Build.0 = Debug|Any CPU
		{8692250A-C8C8-4E33-A2C4-D0E82E4103BD}.Debug|x86.ActiveCfg = Debug|Any CPU
		{8692250A-C8C8-4E33-A2C4-D0E82E4103BD}.Debug|x86.Build.0 = Debug|Any CPU
		{8692250A-C8C8-4E33-A2C4-D0E82E4103BD}.Release|Any CPU.ActiveCfg = Release|Any CPU
		{8692250A-C8C8-4E33-A2C4-D0E82E4103BD}.Release|Any CPU.Build.0 = Release|Any CPU
		{8692250A-C8C8-4E33-A2C4-D0E82E4103BD}.Release|x64.ActiveCfg = Release|Any CPU
		{8692250A-C8C8-4E33-A2C4-D0E82E4103BD}.Release|x64.Build.0 = Release|Any CPU
		{8692250A-C8C8-4E33-A2C4-D0E82E4103BD}.Release|x86.ActiveCfg = Release|Any CPU
		{8692250A-C8C8-4E33-A2C4-D0E82E4103BD}.Release|x86.Build.0 = Release|Any CPU
		{0D9B4A7B-AB54-43C6-92D7-7A5F5A685183}.Debug|Any CPU.ActiveCfg = Debug|Any CPU
		{0D9B4A7B-AB54-43C6-92D7-7A5F5A685183}.Debug|Any CPU.Build.0 = Debug|Any CPU
		{0D9B4A7B-AB54-43C6-92D7-7A5F5A685183}.Debug|x64.ActiveCfg = Debug|Any CPU
		{0D9B4A7B-AB54-43C6-92D7-7A5F5A685183}.Debug|x64.Build.0 = Debug|Any CPU
		{0D9B4A7B-AB54-43C6-92D7-7A5F5A685183}.Debug|x86.ActiveCfg = Debug|Any CPU
		{0D9B4A7B-AB54-43C6-92D7-7A5F5A685183}.Debug|x86.Build.0 = Debug|Any CPU
		{0D9B4A7B-AB54-43C6-92D7-7A5F5A685183}.Release|Any CPU.ActiveCfg = Release|Any CPU
		{0D9B4A7B-AB54-43C6-92D7-7A5F5A685183}.Release|Any CPU.Build.0 = Release|Any CPU
		{0D9B4A7B-AB54-43C6-92D7-7A5F5A685183}.Release|x64.ActiveCfg = Release|Any CPU
		{0D9B4A7B-AB54-43C6-92D7-7A5F5A685183}.Release|x64.Build.0 = Release|Any CPU
		{0D9B4A7B-AB54-43C6-92D7-7A5F5A685183}.Release|x86.ActiveCfg = Release|Any CPU
		{0D9B4A7B-AB54-43C6-92D7-7A5F5A685183}.Release|x86.Build.0 = Release|Any CPU
		{5F95D9C3-93F7-4612-A8A7-3A5C1535D591}.Debug|Any CPU.ActiveCfg = Debug|Any CPU
		{5F95D9C3-93F7-4612-A8A7-3A5C1535D591}.Debug|Any CPU.Build.0 = Debug|Any CPU
		{5F95D9C3-93F7-4612-A8A7-3A5C1535D591}.Debug|x64.ActiveCfg = Debug|Any CPU
		{5F95D9C3-93F7-4612-A8A7-3A5C1535D591}.Debug|x64.Build.0 = Debug|Any CPU
		{5F95D9C3-93F7-4612-A8A7-3A5C1535D591}.Debug|x86.ActiveCfg = Debug|Any CPU
		{5F95D9C3-93F7-4612-A8A7-3A5C1535D591}.Debug|x86.Build.0 = Debug|Any CPU
		{5F95D9C3-93F7-4612-A8A7-3A5C1535D591}.Release|Any CPU.ActiveCfg = Release|Any CPU
		{5F95D9C3-93F7-4612-A8A7-3A5C1535D591}.Release|Any CPU.Build.0 = Release|Any CPU
		{5F95D9C3-93F7-4612-A8A7-3A5C1535D591}.Release|x64.ActiveCfg = Release|Any CPU
		{5F95D9C3-93F7-4612-A8A7-3A5C1535D591}.Release|x64.Build.0 = Release|Any CPU
		{5F95D9C3-93F7-4612-A8A7-3A5C1535D591}.Release|x86.ActiveCfg = Release|Any CPU
		{5F95D9C3-93F7-4612-A8A7-3A5C1535D591}.Release|x86.Build.0 = Release|Any CPU
		{9F898A63-AFCC-4D06-8312-411B47953277}.Debug|Any CPU.ActiveCfg = Debug|Any CPU
		{9F898A63-AFCC-4D06-8312-411B47953277}.Debug|Any CPU.Build.0 = Debug|Any CPU
		{9F898A63-AFCC-4D06-8312-411B47953277}.Debug|x64.ActiveCfg = Debug|Any CPU
		{9F898A63-AFCC-4D06-8312-411B47953277}.Debug|x64.Build.0 = Debug|Any CPU
		{9F898A63-AFCC-4D06-8312-411B47953277}.Debug|x86.ActiveCfg = Debug|Any CPU
		{9F898A63-AFCC-4D06-8312-411B47953277}.Debug|x86.Build.0 = Debug|Any CPU
		{9F898A63-AFCC-4D06-8312-411B47953277}.Release|Any CPU.ActiveCfg = Release|Any CPU
		{9F898A63-AFCC-4D06-8312-411B47953277}.Release|Any CPU.Build.0 = Release|Any CPU
		{9F898A63-AFCC-4D06-8312-411B47953277}.Release|x64.ActiveCfg = Release|Any CPU
		{9F898A63-AFCC-4D06-8312-411B47953277}.Release|x64.Build.0 = Release|Any CPU
		{9F898A63-AFCC-4D06-8312-411B47953277}.Release|x86.ActiveCfg = Release|Any CPU
		{9F898A63-AFCC-4D06-8312-411B47953277}.Release|x86.Build.0 = Release|Any CPU
		{9509668D-0D43-4623-B512-F9A360052A28}.Debug|Any CPU.ActiveCfg = Debug|Any CPU
		{9509668D-0D43-4623-B512-F9A360052A28}.Debug|Any CPU.Build.0 = Debug|Any CPU
		{9509668D-0D43-4623-B512-F9A360052A28}.Debug|x64.ActiveCfg = Debug|Any CPU
		{9509668D-0D43-4623-B512-F9A360052A28}.Debug|x64.Build.0 = Debug|Any CPU
		{9509668D-0D43-4623-B512-F9A360052A28}.Debug|x86.ActiveCfg = Debug|Any CPU
		{9509668D-0D43-4623-B512-F9A360052A28}.Debug|x86.Build.0 = Debug|Any CPU
		{9509668D-0D43-4623-B512-F9A360052A28}.Release|Any CPU.ActiveCfg = Release|Any CPU
		{9509668D-0D43-4623-B512-F9A360052A28}.Release|Any CPU.Build.0 = Release|Any CPU
		{9509668D-0D43-4623-B512-F9A360052A28}.Release|x64.ActiveCfg = Release|Any CPU
		{9509668D-0D43-4623-B512-F9A360052A28}.Release|x64.Build.0 = Release|Any CPU
		{9509668D-0D43-4623-B512-F9A360052A28}.Release|x86.ActiveCfg = Release|Any CPU
		{9509668D-0D43-4623-B512-F9A360052A28}.Release|x86.Build.0 = Release|Any CPU
	EndGlobalSection
	GlobalSection(SolutionProperties) = preSolution
		HideSolutionNode = FALSE
	EndGlobalSection
	GlobalSection(NestedProjects) = preSolution
		{0F9113EE-888A-26D2-68B0-4A7D0A2A8745} = {1AE8ACA6-933B-BF2A-3671-3E2EAC007D16}
		{2E66F7E6-2FED-4B40-B6C6-E30664C6486E} = {0F9113EE-888A-26D2-68B0-4A7D0A2A8745}
		{8692250A-C8C8-4E33-A2C4-D0E82E4103BD} = {0F9113EE-888A-26D2-68B0-4A7D0A2A8745}
		{0D9B4A7B-AB54-43C6-92D7-7A5F5A685183} = {0F9113EE-888A-26D2-68B0-4A7D0A2A8745}
		{5F95D9C3-93F7-4612-A8A7-3A5C1535D591} = {0F9113EE-888A-26D2-68B0-4A7D0A2A8745}
		{9F898A63-AFCC-4D06-8312-411B47953277} = {0F9113EE-888A-26D2-68B0-4A7D0A2A8745}
		{9509668D-0D43-4623-B512-F9A360052A28} = {0F9113EE-888A-26D2-68B0-4A7D0A2A8745}
	EndGlobalSection
EndGlobal
